// !$*UTF8*$!
{
	archiveVersion = 1;
	classes = {
	};
	objectVersion = 50;
	objects = {

/* Begin PBXBuildFile section */
		190BD48520EFD3E30090E76D /* StartViewController.swift in Sources */ = {isa = PBXBuildFile; fileRef = 190BD48420EFD3E30090E76D /* StartViewController.swift */; };
		190BD48720EFD3E90090E76D /* DifficultyViewController.swift in Sources */ = {isa = PBXBuildFile; fileRef = 190BD48620EFD3E90090E76D /* DifficultyViewController.swift */; };
		190BD48920EFD3EE0090E76D /* DictionaryViewController.swift in Sources */ = {isa = PBXBuildFile; fileRef = 190BD48820EFD3EE0090E76D /* DictionaryViewController.swift */; };
		190BD48B20EFD88D0090E76D /* VMEX.framework in Frameworks */ = {isa = PBXBuildFile; fileRef = 190BD48A20EFD88D0090E76D /* VMEX.framework */; };
		190BD48C20EFD88D0090E76D /* VMEX.framework in Embed Frameworks */ = {isa = PBXBuildFile; fileRef = 190BD48A20EFD88D0090E76D /* VMEX.framework */; settings = {ATTRIBUTES = (CodeSignOnCopy, RemoveHeadersOnCopy, ); }; };
		19DB420720EE47DE0048753A /* AppDelegate.swift in Sources */ = {isa = PBXBuildFile; fileRef = 19DB420620EE47DE0048753A /* AppDelegate.swift */; };
		19DB420920EE47DE0048753A /* GameViewController.swift in Sources */ = {isa = PBXBuildFile; fileRef = 19DB420820EE47DE0048753A /* GameViewController.swift */; };
		19DB420C20EE47DE0048753A /* Main.storyboard in Resources */ = {isa = PBXBuildFile; fileRef = 19DB420A20EE47DE0048753A /* Main.storyboard */; };
		19DB420E20EE47DF0048753A /* Assets.xcassets in Resources */ = {isa = PBXBuildFile; fileRef = 19DB420D20EE47DF0048753A /* Assets.xcassets */; };
		19DB421120EE47DF0048753A /* LaunchScreen.storyboard in Resources */ = {isa = PBXBuildFile; fileRef = 19DB420F20EE47DF0048753A /* LaunchScreen.storyboard */; };
		A5F5490AE6B19FD832D0B608 /* Pods_EyeTracking.framework in Frameworks */ = {isa = PBXBuildFile; fileRef = 4D3DF637B7D8451DDA478251 /* Pods_EyeTracking.framework */; };
/* End PBXBuildFile section */

/* Begin PBXCopyFilesBuildPhase section */
		19D2DD1020EF91110036C091 /* Embed Frameworks */ = {
			isa = PBXCopyFilesBuildPhase;
			buildActionMask = 2147483647;
			dstPath = "";
			dstSubfolderSpec = 10;
			files = (
				190BD48C20EFD88D0090E76D /* VMEX.framework in Embed Frameworks */,
			);
			name = "Embed Frameworks";
			runOnlyForDeploymentPostprocessing = 0;
		};
/* End PBXCopyFilesBuildPhase section */

/* Begin PBXFileReference section */
		190BD48420EFD3E30090E76D /* StartViewController.swift */ = {isa = PBXFileReference; lastKnownFileType = sourcecode.swift; path = StartViewController.swift; sourceTree = "<group>"; };
		190BD48620EFD3E90090E76D /* DifficultyViewController.swift */ = {isa = PBXFileReference; lastKnownFileType = sourcecode.swift; path = DifficultyViewController.swift; sourceTree = "<group>"; };
		190BD48820EFD3EE0090E76D /* DictionaryViewController.swift */ = {isa = PBXFileReference; lastKnownFileType = sourcecode.swift; path = DictionaryViewController.swift; sourceTree = "<group>"; };
		190BD48A20EFD88D0090E76D /* VMEX.framework */ = {isa = PBXFileReference; lastKnownFileType = wrapper.framework; path = VMEX.framework; sourceTree = "<group>"; };
		19DB420320EE47DE0048753A /* EyeTracking.app */ = {isa = PBXFileReference; explicitFileType = wrapper.application; includeInIndex = 0; path = EyeTracking.app; sourceTree = BUILT_PRODUCTS_DIR; };
		19DB420620EE47DE0048753A /* AppDelegate.swift */ = {isa = PBXFileReference; lastKnownFileType = sourcecode.swift; path = AppDelegate.swift; sourceTree = "<group>"; };
		19DB420820EE47DE0048753A /* GameViewController.swift */ = {isa = PBXFileReference; lastKnownFileType = sourcecode.swift; path = GameViewController.swift; sourceTree = "<group>"; };
		19DB420B20EE47DE0048753A /* Base */ = {isa = PBXFileReference; lastKnownFileType = file.storyboard; name = Base; path = Base.lproj/Main.storyboard; sourceTree = "<group>"; };
		19DB420D20EE47DF0048753A /* Assets.xcassets */ = {isa = PBXFileReference; lastKnownFileType = folder.assetcatalog; path = Assets.xcassets; sourceTree = "<group>"; };
		19DB421020EE47DF0048753A /* Base */ = {isa = PBXFileReference; lastKnownFileType = file.storyboard; name = Base; path = Base.lproj/LaunchScreen.storyboard; sourceTree = "<group>"; };
		19DB421220EE47DF0048753A /* Info.plist */ = {isa = PBXFileReference; lastKnownFileType = text.plist.xml; path = Info.plist; sourceTree = "<group>"; };
		4513C3E767C9F6FDDFDF19B4 /* Pods-EyeTracking.debug.xcconfig */ = {isa = PBXFileReference; includeInIndex = 1; lastKnownFileType = text.xcconfig; name = "Pods-EyeTracking.debug.xcconfig"; path = "Pods/Target Support Files/Pods-EyeTracking/Pods-EyeTracking.debug.xcconfig"; sourceTree = "<group>"; };
		4D3DF637B7D8451DDA478251 /* Pods_EyeTracking.framework */ = {isa = PBXFileReference; explicitFileType = wrapper.framework; includeInIndex = 0; path = Pods_EyeTracking.framework; sourceTree = BUILT_PRODUCTS_DIR; };
		E40D5D38E39D96711398E654 /* Pods-EyeTracking.release.xcconfig */ = {isa = PBXFileReference; includeInIndex = 1; lastKnownFileType = text.xcconfig; name = "Pods-EyeTracking.release.xcconfig"; path = "Pods/Target Support Files/Pods-EyeTracking/Pods-EyeTracking.release.xcconfig"; sourceTree = "<group>"; };
/* End PBXFileReference section */

/* Begin PBXFrameworksBuildPhase section */
		19DB420020EE47DE0048753A /* Frameworks */ = {
			isa = PBXFrameworksBuildPhase;
			buildActionMask = 2147483647;
			files = (
				190BD48B20EFD88D0090E76D /* VMEX.framework in Frameworks */,
				A5F5490AE6B19FD832D0B608 /* Pods_EyeTracking.framework in Frameworks */,
			);
			runOnlyForDeploymentPostprocessing = 0;
		};
/* End PBXFrameworksBuildPhase section */

/* Begin PBXGroup section */
		19DB41FA20EE47DE0048753A = {
			isa = PBXGroup;
			children = (
				190BD48A20EFD88D0090E76D /* VMEX.framework */,
				19DB420520EE47DE0048753A /* EyeTracking */,
				19DB420420EE47DE0048753A /* Products */,
				D21BDD4E60FCF00FDF0FD01A /* Pods */,
				F0FDB3C5CAA7056BEC857F80 /* Frameworks */,
			);
			sourceTree = "<group>";
		};
		19DB420420EE47DE0048753A /* Products */ = {
			isa = PBXGroup;
			children = (
				19DB420320EE47DE0048753A /* EyeTracking.app */,
			);
			name = Products;
			sourceTree = "<group>";
		};
		19DB420520EE47DE0048753A /* EyeTracking */ = {
			isa = PBXGroup;
			children = (
				19DB421220EE47DF0048753A /* Info.plist */,
				19DB420620EE47DE0048753A /* AppDelegate.swift */,
				19DB420F20EE47DF0048753A /* LaunchScreen.storyboard */,
				19DB420A20EE47DE0048753A /* Main.storyboard */,
				190BD48420EFD3E30090E76D /* StartViewController.swift */,
				190BD48820EFD3EE0090E76D /* DictionaryViewController.swift */,
				190BD48620EFD3E90090E76D /* DifficultyViewController.swift */,
				19DB420820EE47DE0048753A /* GameViewController.swift */,
				19DB420D20EE47DF0048753A /* Assets.xcassets */,
			);
			path = EyeTracking;
			sourceTree = "<group>";
		};
		D21BDD4E60FCF00FDF0FD01A /* Pods */ = {
			isa = PBXGroup;
			children = (
				4513C3E767C9F6FDDFDF19B4 /* Pods-EyeTracking.debug.xcconfig */,
				E40D5D38E39D96711398E654 /* Pods-EyeTracking.release.xcconfig */,
			);
			name = Pods;
			sourceTree = "<group>";
		};
		F0FDB3C5CAA7056BEC857F80 /* Frameworks */ = {
			isa = PBXGroup;
			children = (
				4D3DF637B7D8451DDA478251 /* Pods_EyeTracking.framework */,
			);
			name = Frameworks;
			sourceTree = "<group>";
		};
/* End PBXGroup section */

/* Begin PBXNativeTarget section */
		19DB420220EE47DE0048753A /* EyeTracking */ = {
			isa = PBXNativeTarget;
			buildConfigurationList = 19DB421520EE47DF0048753A /* Build configuration list for PBXNativeTarget "EyeTracking" */;
			buildPhases = (
				7043B1303C7BCB0501EF14EF /* [CP] Check Pods Manifest.lock */,
				19DB41FF20EE47DE0048753A /* Sources */,
				19DB420020EE47DE0048753A /* Frameworks */,
				19DB420120EE47DE0048753A /* Resources */,
				19D2DD1020EF91110036C091 /* Embed Frameworks */,
				F9E4FE6DA53541D02D155C33 /* [CP] Embed Pods Frameworks */,
			);
			buildRules = (
			);
			dependencies = (
			);
			name = EyeTracking;
			productName = EyeTracking;
			productReference = 19DB420320EE47DE0048753A /* EyeTracking.app */;
			productType = "com.apple.product-type.application";
		};
/* End PBXNativeTarget section */

/* Begin PBXProject section */
		19DB41FB20EE47DE0048753A /* Project object */ = {
			isa = PBXProject;
			attributes = {
				LastSwiftUpdateCheck = 0940;
				LastUpgradeCheck = 0940;
				ORGANIZATIONNAME = hackathon;
				TargetAttributes = {
					19DB420220EE47DE0048753A = {
						CreatedOnToolsVersion = 9.4.1;
					};
				};
			};
			buildConfigurationList = 19DB41FE20EE47DE0048753A /* Build configuration list for PBXProject "EyeTracking" */;
			compatibilityVersion = "Xcode 9.3";
			developmentRegion = en;
			hasScannedForEncodings = 0;
			knownRegions = (
				en,
				Base,
			);
			mainGroup = 19DB41FA20EE47DE0048753A;
			productRefGroup = 19DB420420EE47DE0048753A /* Products */;
			projectDirPath = "";
			projectRoot = "";
			targets = (
				19DB420220EE47DE0048753A /* EyeTracking */,
			);
		};
/* End PBXProject section */

/* Begin PBXResourcesBuildPhase section */
		19DB420120EE47DE0048753A /* Resources */ = {
			isa = PBXResourcesBuildPhase;
			buildActionMask = 2147483647;
			files = (
				19DB421120EE47DF0048753A /* LaunchScreen.storyboard in Resources */,
				19DB420E20EE47DF0048753A /* Assets.xcassets in Resources */,
				19DB420C20EE47DE0048753A /* Main.storyboard in Resources */,
			);
			runOnlyForDeploymentPostprocessing = 0;
		};
/* End PBXResourcesBuildPhase section */

/* Begin PBXShellScriptBuildPhase section */
		7043B1303C7BCB0501EF14EF /* [CP] Check Pods Manifest.lock */ = {
			isa = PBXShellScriptBuildPhase;
			buildActionMask = 2147483647;
			files = (
			);
			inputPaths = (
				"${PODS_PODFILE_DIR_PATH}/Podfile.lock",
				"${PODS_ROOT}/Manifest.lock",
			);
			name = "[CP] Check Pods Manifest.lock";
			outputPaths = (
				"$(DERIVED_FILE_DIR)/Pods-EyeTracking-checkManifestLockResult.txt",
			);
			runOnlyForDeploymentPostprocessing = 0;
			shellPath = /bin/sh;
			shellScript = "diff \"${PODS_PODFILE_DIR_PATH}/Podfile.lock\" \"${PODS_ROOT}/Manifest.lock\" > /dev/null\nif [ $? != 0 ] ; then\n    # print error to STDERR\n    echo \"error: The sandbox is not in sync with the Podfile.lock. Run 'pod install' or update your CocoaPods installation.\" >&2\n    exit 1\nfi\n# This output is used by Xcode 'outputs' to avoid re-running this script phase.\necho \"SUCCESS\" > \"${SCRIPT_OUTPUT_FILE_0}\"\n";
			showEnvVarsInLog = 0;
		};
		F9E4FE6DA53541D02D155C33 /* [CP] Embed Pods Frameworks */ = {
			isa = PBXShellScriptBuildPhase;
			buildActionMask = 2147483647;
			files = (
			);
			inputPaths = (
				"${SRCROOT}/Pods/Target Support Files/Pods-EyeTracking/Pods-EyeTracking-frameworks.sh",
				"${BUILT_PRODUCTS_DIR}/Realm/Realm.framework",
				"${BUILT_PRODUCTS_DIR}/RealmSwift/RealmSwift.framework",
				"${BUILT_PRODUCTS_DIR}/SnapKit/SnapKit.framework",
			);
			name = "[CP] Embed Pods Frameworks";
			outputPaths = (
				"${TARGET_BUILD_DIR}/${FRAMEWORKS_FOLDER_PATH}/Realm.framework",
				"${TARGET_BUILD_DIR}/${FRAMEWORKS_FOLDER_PATH}/RealmSwift.framework",
				"${TARGET_BUILD_DIR}/${FRAMEWORKS_FOLDER_PATH}/SnapKit.framework",
			);
			runOnlyForDeploymentPostprocessing = 0;
			shellPath = /bin/sh;
			shellScript = "\"${SRCROOT}/Pods/Target Support Files/Pods-EyeTracking/Pods-EyeTracking-frameworks.sh\"\n";
			showEnvVarsInLog = 0;
		};
/* End PBXShellScriptBuildPhase section */

/* Begin PBXSourcesBuildPhase section */
		19DB41FF20EE47DE0048753A /* Sources */ = {
			isa = PBXSourcesBuildPhase;
			buildActionMask = 2147483647;
			files = (
				190BD48920EFD3EE0090E76D /* DictionaryViewController.swift in Sources */,
				19DB420920EE47DE0048753A /* GameViewController.swift in Sources */,
				190BD48720EFD3E90090E76D /* DifficultyViewController.swift in Sources */,
				190BD48520EFD3E30090E76D /* StartViewController.swift in Sources */,
				19DB420720EE47DE0048753A /* AppDelegate.swift in Sources */,
			);
			runOnlyForDeploymentPostprocessing = 0;
		};
/* End PBXSourcesBuildPhase section */

/* Begin PBXVariantGroup section */
		19DB420A20EE47DE0048753A /* Main.storyboard */ = {
			isa = PBXVariantGroup;
			children = (
				19DB420B20EE47DE0048753A /* Base */,
			);
			name = Main.storyboard;
			sourceTree = "<group>";
		};
		19DB420F20EE47DF0048753A /* LaunchScreen.storyboard */ = {
			isa = PBXVariantGroup;
			children = (
				19DB421020EE47DF0048753A /* Base */,
			);
			name = LaunchScreen.storyboard;
			sourceTree = "<group>";
		};
/* End PBXVariantGroup section */

/* Begin XCBuildConfiguration section */
		19DB421320EE47DF0048753A /* Debug */ = {
			isa = XCBuildConfiguration;
			buildSettings = {
				ALWAYS_SEARCH_USER_PATHS = NO;
				CLANG_ANALYZER_NONNULL = YES;
				CLANG_ANALYZER_NUMBER_OBJECT_CONVERSION = YES_AGGRESSIVE;
				CLANG_CXX_LANGUAGE_STANDARD = "gnu++14";
				CLANG_CXX_LIBRARY = "libc++";
				CLANG_ENABLE_MODULES = YES;
				CLANG_ENABLE_OBJC_ARC = YES;
				CLANG_ENABLE_OBJC_WEAK = YES;
				CLANG_WARN_BLOCK_CAPTURE_AUTORELEASING = YES;
				CLANG_WARN_BOOL_CONVERSION = YES;
				CLANG_WARN_COMMA = YES;
				CLANG_WARN_CONSTANT_CONVERSION = YES;
				CLANG_WARN_DEPRECATED_OBJC_IMPLEMENTATIONS = YES;
				CLANG_WARN_DIRECT_OBJC_ISA_USAGE = YES_ERROR;
				CLANG_WARN_DOCUMENTATION_COMMENTS = YES;
				CLANG_WARN_EMPTY_BODY = YES;
				CLANG_WARN_ENUM_CONVERSION = YES;
				CLANG_WARN_INFINITE_RECURSION = YES;
				CLANG_WARN_INT_CONVERSION = YES;
				CLANG_WARN_NON_LITERAL_NULL_CONVERSION = YES;
				CLANG_WARN_OBJC_IMPLICIT_RETAIN_SELF = YES;
				CLANG_WARN_OBJC_LITERAL_CONVERSION = YES;
				CLANG_WARN_OBJC_ROOT_CLASS = YES_ERROR;
				CLANG_WARN_RANGE_LOOP_ANALYSIS = YES;
				CLANG_WARN_STRICT_PROTOTYPES = YES;
				CLANG_WARN_SUSPICIOUS_MOVE = YES;
				CLANG_WARN_UNGUARDED_AVAILABILITY = YES_AGGRESSIVE;
				CLANG_WARN_UNREACHABLE_CODE = YES;
				CLANG_WARN__DUPLICATE_METHOD_MATCH = YES;
				CODE_SIGN_IDENTITY = "iPhone Developer";
				COPY_PHASE_STRIP = NO;
				DEBUG_INFORMATION_FORMAT = dwarf;
				ENABLE_STRICT_OBJC_MSGSEND = YES;
				ENABLE_TESTABILITY = YES;
				GCC_C_LANGUAGE_STANDARD = gnu11;
				GCC_DYNAMIC_NO_PIC = NO;
				GCC_NO_COMMON_BLOCKS = YES;
				GCC_OPTIMIZATION_LEVEL = 0;
				GCC_PREPROCESSOR_DEFINITIONS = (
					"DEBUG=1",
					"$(inherited)",
				);
				GCC_WARN_64_TO_32_BIT_CONVERSION = YES;
				GCC_WARN_ABOUT_RETURN_TYPE = YES_ERROR;
				GCC_WARN_UNDECLARED_SELECTOR = YES;
				GCC_WARN_UNINITIALIZED_AUTOS = YES_AGGRESSIVE;
				GCC_WARN_UNUSED_FUNCTION = YES;
				GCC_WARN_UNUSED_VARIABLE = YES;
				IPHONEOS_DEPLOYMENT_TARGET = 11.3;
				MTL_ENABLE_DEBUG_INFO = YES;
				ONLY_ACTIVE_ARCH = YES;
				SDKROOT = iphoneos;
				SWIFT_ACTIVE_COMPILATION_CONDITIONS = DEBUG;
				SWIFT_OPTIMIZATION_LEVEL = "-Onone";
			};
			name = Debug;
		};
		19DB421420EE47DF0048753A /* Release */ = {
			isa = XCBuildConfiguration;
			buildSettings = {
				ALWAYS_SEARCH_USER_PATHS = NO;
				CLANG_ANALYZER_NONNULL = YES;
				CLANG_ANALYZER_NUMBER_OBJECT_CONVERSION = YES_AGGRESSIVE;
				CLANG_CXX_LANGUAGE_STANDARD = "gnu++14";
				CLANG_CXX_LIBRARY = "libc++";
				CLANG_ENABLE_MODULES = YES;
				CLANG_ENABLE_OBJC_ARC = YES;
				CLANG_ENABLE_OBJC_WEAK = YES;
				CLANG_WARN_BLOCK_CAPTURE_AUTORELEASING = YES;
				CLANG_WARN_BOOL_CONVERSION = YES;
				CLANG_WARN_COMMA = YES;
				CLANG_WARN_CONSTANT_CONVERSION = YES;
				CLANG_WARN_DEPRECATED_OBJC_IMPLEMENTATIONS = YES;
				CLANG_WARN_DIRECT_OBJC_ISA_USAGE = YES_ERROR;
				CLANG_WARN_DOCUMENTATION_COMMENTS = YES;
				CLANG_WARN_EMPTY_BODY = YES;
				CLANG_WARN_ENUM_CONVERSION = YES;
				CLANG_WARN_INFINITE_RECURSION = YES;
				CLANG_WARN_INT_CONVERSION = YES;
				CLANG_WARN_NON_LITERAL_NULL_CONVERSION = YES;
				CLANG_WARN_OBJC_IMPLICIT_RETAIN_SELF = YES;
				CLANG_WARN_OBJC_LITERAL_CONVERSION = YES;
				CLANG_WARN_OBJC_ROOT_CLASS = YES_ERROR;
				CLANG_WARN_RANGE_LOOP_ANALYSIS = YES;
				CLANG_WARN_STRICT_PROTOTYPES = YES;
				CLANG_WARN_SUSPICIOUS_MOVE = YES;
				CLANG_WARN_UNGUARDED_AVAILABILITY = YES_AGGRESSIVE;
				CLANG_WARN_UNREACHABLE_CODE = YES;
				CLANG_WARN__DUPLICATE_METHOD_MATCH = YES;
				CODE_SIGN_IDENTITY = "iPhone Developer";
				COPY_PHASE_STRIP = NO;
				DEBUG_INFORMATION_FORMAT = "dwarf-with-dsym";
				ENABLE_NS_ASSERTIONS = NO;
				ENABLE_STRICT_OBJC_MSGSEND = YES;
				GCC_C_LANGUAGE_STANDARD = gnu11;
				GCC_NO_COMMON_BLOCKS = YES;
				GCC_WARN_64_TO_32_BIT_CONVERSION = YES;
				GCC_WARN_ABOUT_RETURN_TYPE = YES_ERROR;
				GCC_WARN_UNDECLARED_SELECTOR = YES;
				GCC_WARN_UNINITIALIZED_AUTOS = YES_AGGRESSIVE;
				GCC_WARN_UNUSED_FUNCTION = YES;
				GCC_WARN_UNUSED_VARIABLE = YES;
				IPHONEOS_DEPLOYMENT_TARGET = 11.3;
				MTL_ENABLE_DEBUG_INFO = NO;
				SDKROOT = iphoneos;
				SWIFT_COMPILATION_MODE = wholemodule;
				SWIFT_OPTIMIZATION_LEVEL = "-O";
				VALIDATE_PRODUCT = YES;
			};
			name = Release;
		};
		19DB421620EE47DF0048753A /* Debug */ = {
			isa = XCBuildConfiguration;
			baseConfigurationReference = 4513C3E767C9F6FDDFDF19B4 /* Pods-EyeTracking.debug.xcconfig */;
			buildSettings = {
				ASSETCATALOG_COMPILER_APPICON_NAME = AppIcon;
				CODE_SIGN_STYLE = Automatic;
				DEVELOPMENT_TEAM = H79MF628K3;
				FRAMEWORK_SEARCH_PATHS = (
					"$(inherited)",
					"$(PROJECT_DIR)",
				);
				INFOPLIST_FILE = EyeTracking/Info.plist;
				LD_RUNPATH_SEARCH_PATHS = (
					"$(inherited)",
					"@executable_path/Frameworks",
				);
				PRODUCT_BUNDLE_IDENTIFIER = hackathon.EyeTracking;
				PRODUCT_NAME = "$(TARGET_NAME)";
				SWIFT_VERSION = 4.0;
				TARGETED_DEVICE_FAMILY = 1;
			};
			name = Debug;
		};
		19DB421720EE47DF0048753A /* Release */ = {
			isa = XCBuildConfiguration;
			baseConfigurationReference = E40D5D38E39D96711398E654 /* Pods-EyeTracking.release.xcconfig */;
			buildSettings = {
				ASSETCATALOG_COMPILER_APPICON_NAME = AppIcon;
				CODE_SIGN_STYLE = Automatic;
				DEVELOPMENT_TEAM = H79MF628K3;
				FRAMEWORK_SEARCH_PATHS = (
					"$(inherited)",
					"$(PROJECT_DIR)",
				);
				INFOPLIST_FILE = EyeTracking/Info.plist;
				LD_RUNPATH_SEARCH_PATHS = (
					"$(inherited)",
					"@executable_path/Frameworks",
				);
				PRODUCT_BUNDLE_IDENTIFIER = hackathon.EyeTracking;
				PRODUCT_NAME = "$(TARGET_NAME)";
				SWIFT_VERSION = 4.0;
				TARGETED_DEVICE_FAMILY = 1;
			};
			name = Release;
		};
/* End XCBuildConfiguration section */

/* Begin XCConfigurationList section */
		19DB41FE20EE47DE0048753A /* Build configuration list for PBXProject "EyeTracking" */ = {
			isa = XCConfigurationList;
			buildConfigurations = (
				19DB421320EE47DF0048753A /* Debug */,
				19DB421420EE47DF0048753A /* Release */,
			);
			defaultConfigurationIsVisible = 0;
			defaultConfigurationName = Release;
		};
		19DB421520EE47DF0048753A /* Build configuration list for PBXNativeTarget "EyeTracking" */ = {
			isa = XCConfigurationList;
			buildConfigurations = (
				19DB421620EE47DF0048753A /* Debug */,
				19DB421720EE47DF0048753A /* Release */,
			);
			defaultConfigurationIsVisible = 0;
			defaultConfigurationName = Release;
		};
/* End XCConfigurationList section */
	};
	rootObject = 19DB41FB20EE47DE0048753A /* Project object */;
}
